{
  "name": "id96i--final-portfolio-assignment",
  "lockfileVersion": 2,
  "requires": true,
  "packages": {
    "": {
      "dependencies": {
        "create-expo-app": "^1.1.4"
      }
    },
    "node_modules/create-expo-app": {
      "version": "1.1.4",
      "resolved": "https://registry.npmjs.org/create-expo-app/-/create-expo-app-1.1.4.tgz",
      "integrity": "sha512-cj+F4GpXdfXe2EvffLG8zTC93M0QCrLTaS841b99+u73xGybypdRbw6T4QqM0xU0JdjegQtdtUkrnjBMexBH0Q==",
      "bin": {
        "create-expo-app": "build/index.js"
      }
    }
  },
  "dependencies": {
    "create-expo-app": {
      "version": "1.1.4",
      "resolved": "https://registry.npmjs.org/create-expo-app/-/create-expo-app-1.1.4.tgz",
      "integrity": "sha512-cj+F4GpXdfXe2EvffLG8zTC93M0QCrLTaS841b99+u73xGybypdRbw6T4QqM0xU0JdjegQtdtUkrnjBMexBH0Q=="
    }
  }
}
